
Microsoft Visual Studio Solution File, Format Version 12.00
# Visual Studio Version 16
VisualStudioVersion = 16.0.29418.71
MinimumVisualStudioVersion = 10.0.40219.1
Project("{F184B08F-C81C-45F6-A57F-5ABD9991F28F}") = "hirumarennsyuu", "hirumarennsyuu.vbproj", "{8AF0EC7C-15B3-4F59-A1E6-3336664CEF44}"
EndProject
Global
	GlobalSection(SolutionConfigurationPlatforms) = preSolution
		Debug|Any CPU = Debug|Any CPU
		Release|Any CPU = Release|Any CPU
	EndGlobalSection
	GlobalSection(ProjectConfigurationPlatforms) = postSolution
		{8AF0EC7C-15B3-4F59-A1E6-3336664CEF44}.Debug|Any CPU.ActiveCfg = Debug|Any CPU
		{8AF0EC7C-15B3-4F59-A1E6-3336664CEF44}.Debug|Any CPU.Build.0 = Debug|Any CPU
		{8AF0EC7C-15B3-4F59-A1E6-3336664CEF44}.Release|Any CPU.ActiveCfg = Release|Any CPU
		{8AF0EC7C-15B3-4F59-A1E6-3336664CEF44}.Release|Any CPU.Build.0 = Release|Any CPU
	EndGlobalSection
	GlobalSection(SolutionProperties) = preSolution
		HideSolutionNode = FALSE
	EndGlobalSection
	GlobalSection(ExtensibilityGlobals) = postSolution
		SolutionGuid = {5319ED48-2B4C-4420-9CE6-D5D78D46D19F}
	EndGlobalSection
EndGlobal
